// !$*UTF8*$!
{
	archiveVersion = 1;
	classes = {
	};
	objectVersion = 56;
	objects = {

/* Begin PBXBuildFile section */
		1CA561D04222D4C0B697ED69 /* Pods_RedBooklet.framework in Frameworks */ = {isa = PBXBuildFile; fileRef = 43AA4094B36FB48AC33AB1D7 /* Pods_RedBooklet.framework */; };
		E75D73352AA0BFC50094CB72 /* AppDelegate.swift in Sources */ = {isa = PBXBuildFile; fileRef = E75D73342AA0BFC50094CB72 /* AppDelegate.swift */; };
		E75D73372AA0BFC50094CB72 /* SceneDelegate.swift in Sources */ = {isa = PBXBuildFile; fileRef = E75D73362AA0BFC50094CB72 /* SceneDelegate.swift */; };
		E75D733C2AA0BFC50094CB72 /* Main.storyboard in Resources */ = {isa = PBXBuildFile; fileRef = E75D733A2AA0BFC50094CB72 /* Main.storyboard */; };
		E75D733F2AA0BFC50094CB72 /* RedBooklet.xcdatamodeld in Sources */ = {isa = PBXBuildFile; fileRef = E75D733D2AA0BFC50094CB72 /* RedBooklet.xcdatamodeld */; };
		E75D73412AA0BFC70094CB72 /* Assets.xcassets in Resources */ = {isa = PBXBuildFile; fileRef = E75D73402AA0BFC70094CB72 /* Assets.xcassets */; };
		E75D73442AA0BFC70094CB72 /* LaunchScreen.storyboard in Resources */ = {isa = PBXBuildFile; fileRef = E75D73422AA0BFC70094CB72 /* LaunchScreen.storyboard */; };
		E75D734C2AA0D1250094CB72 /* .gitignore in Resources */ = {isa = PBXBuildFile; fileRef = E75D734B2AA0D1250094CB72 /* .gitignore */; };
		E75D73512AA231EA0094CB72 /* HDHomeVC.swift in Sources */ = {isa = PBXBuildFile; fileRef = E75D73502AA231EA0094CB72 /* HDHomeVC.swift */; };
		E75D73532AA2CC260094CB72 /* HDDiscoveryVC.swift in Sources */ = {isa = PBXBuildFile; fileRef = E75D73522AA2CC260094CB72 /* HDDiscoveryVC.swift */; };
		E75D73552AA2CDE90094CB72 /* HDFollowVC.swift in Sources */ = {isa = PBXBuildFile; fileRef = E75D73542AA2CDE90094CB72 /* HDFollowVC.swift */; };
		E75D73572AA2CE140094CB72 /* HDNearbyVC.swift in Sources */ = {isa = PBXBuildFile; fileRef = E75D73562AA2CE140094CB72 /* HDNearbyVC.swift */; };
		E75D735A2AA2CED00094CB72 /* ConstantsHome.swift in Sources */ = {isa = PBXBuildFile; fileRef = E75D73592AA2CED00094CB72 /* ConstantsHome.swift */; };
		E75D735C2AA3A2930094CB72 /* HDWaterfallVC.swift in Sources */ = {isa = PBXBuildFile; fileRef = E75D735B2AA3A2930094CB72 /* HDWaterfallVC.swift */; };
		E75D735E2AA3AA280094CB72 /* HDWaterfallCell.swift in Sources */ = {isa = PBXBuildFile; fileRef = E75D735D2AA3AA280094CB72 /* HDWaterfallCell.swift */; };
		E75D73602AAC67950094CB72 /* HDBaseTabBarC.swift in Sources */ = {isa = PBXBuildFile; fileRef = E75D735F2AAC67950094CB72 /* HDBaseTabBarC.swift */; };
		E75D73622AAC70550094CB72 /* HDUploadVC.swift in Sources */ = {isa = PBXBuildFile; fileRef = E75D73612AAC70550094CB72 /* HDUploadVC.swift */; };
/* End PBXBuildFile section */

/* Begin PBXFileReference section */
		43AA4094B36FB48AC33AB1D7 /* Pods_RedBooklet.framework */ = {isa = PBXFileReference; explicitFileType = wrapper.framework; includeInIndex = 0; path = Pods_RedBooklet.framework; sourceTree = BUILT_PRODUCTS_DIR; };
		4FB82D132DB7F3F70F75A449 /* Pods-RedBooklet.debug.xcconfig */ = {isa = PBXFileReference; includeInIndex = 1; lastKnownFileType = text.xcconfig; name = "Pods-RedBooklet.debug.xcconfig"; path = "Target Support Files/Pods-RedBooklet/Pods-RedBooklet.debug.xcconfig"; sourceTree = "<group>"; };
		508471849AE0FED4C3607D68 /* Pods-RedBooklet.release.xcconfig */ = {isa = PBXFileReference; includeInIndex = 1; lastKnownFileType = text.xcconfig; name = "Pods-RedBooklet.release.xcconfig"; path = "Target Support Files/Pods-RedBooklet/Pods-RedBooklet.release.xcconfig"; sourceTree = "<group>"; };
		E75D73312AA0BFC50094CB72 /* RedBooklet.app */ = {isa = PBXFileReference; explicitFileType = wrapper.application; includeInIndex = 0; path = RedBooklet.app; sourceTree = BUILT_PRODUCTS_DIR; };
		E75D73342AA0BFC50094CB72 /* AppDelegate.swift */ = {isa = PBXFileReference; lastKnownFileType = sourcecode.swift; path = AppDelegate.swift; sourceTree = "<group>"; };
		E75D73362AA0BFC50094CB72 /* SceneDelegate.swift */ = {isa = PBXFileReference; lastKnownFileType = sourcecode.swift; path = SceneDelegate.swift; sourceTree = "<group>"; };
		E75D733B2AA0BFC50094CB72 /* Base */ = {isa = PBXFileReference; lastKnownFileType = file.storyboard; name = Base; path = Base.lproj/Main.storyboard; sourceTree = "<group>"; };
		E75D733E2AA0BFC50094CB72 /* RedBooklet.xcdatamodel */ = {isa = PBXFileReference; lastKnownFileType = wrapper.xcdatamodel; path = RedBooklet.xcdatamodel; sourceTree = "<group>"; };
		E75D73402AA0BFC70094CB72 /* Assets.xcassets */ = {isa = PBXFileReference; lastKnownFileType = folder.assetcatalog; path = Assets.xcassets; sourceTree = "<group>"; };
		E75D73432AA0BFC70094CB72 /* Base */ = {isa = PBXFileReference; lastKnownFileType = file.storyboard; name = Base; path = Base.lproj/LaunchScreen.storyboard; sourceTree = "<group>"; };
		E75D73452AA0BFC70094CB72 /* Info.plist */ = {isa = PBXFileReference; lastKnownFileType = text.plist.xml; path = Info.plist; sourceTree = "<group>"; };
		E75D734B2AA0D1250094CB72 /* .gitignore */ = {isa = PBXFileReference; fileEncoding = 4; lastKnownFileType = text; path = .gitignore; sourceTree = "<group>"; };
		E75D73502AA231EA0094CB72 /* HDHomeVC.swift */ = {isa = PBXFileReference; lastKnownFileType = sourcecode.swift; path = HDHomeVC.swift; sourceTree = "<group>"; };
		E75D73522AA2CC260094CB72 /* HDDiscoveryVC.swift */ = {isa = PBXFileReference; lastKnownFileType = sourcecode.swift; path = HDDiscoveryVC.swift; sourceTree = "<group>"; };
		E75D73542AA2CDE90094CB72 /* HDFollowVC.swift */ = {isa = PBXFileReference; lastKnownFileType = sourcecode.swift; path = HDFollowVC.swift; sourceTree = "<group>"; };
		E75D73562AA2CE140094CB72 /* HDNearbyVC.swift */ = {isa = PBXFileReference; lastKnownFileType = sourcecode.swift; path = HDNearbyVC.swift; sourceTree = "<group>"; };
		E75D73592AA2CED00094CB72 /* ConstantsHome.swift */ = {isa = PBXFileReference; lastKnownFileType = sourcecode.swift; path = ConstantsHome.swift; sourceTree = "<group>"; };
		E75D735B2AA3A2930094CB72 /* HDWaterfallVC.swift */ = {isa = PBXFileReference; lastKnownFileType = sourcecode.swift; path = HDWaterfallVC.swift; sourceTree = "<group>"; };
		E75D735D2AA3AA280094CB72 /* HDWaterfallCell.swift */ = {isa = PBXFileReference; lastKnownFileType = sourcecode.swift; path = HDWaterfallCell.swift; sourceTree = "<group>"; };
		E75D735F2AAC67950094CB72 /* HDBaseTabBarC.swift */ = {isa = PBXFileReference; lastKnownFileType = sourcecode.swift; path = HDBaseTabBarC.swift; sourceTree = "<group>"; };
		E75D73612AAC70550094CB72 /* HDUploadVC.swift */ = {isa = PBXFileReference; lastKnownFileType = sourcecode.swift; path = HDUploadVC.swift; sourceTree = "<group>"; };
/* End PBXFileReference section */

/* Begin PBXFrameworksBuildPhase section */
		E75D732E2AA0BFC50094CB72 /* Frameworks */ = {
			isa = PBXFrameworksBuildPhase;
			buildActionMask = 2147483647;
			files = (
				1CA561D04222D4C0B697ED69 /* Pods_RedBooklet.framework in Frameworks */,
			);
			runOnlyForDeploymentPostprocessing = 0;
		};
/* End PBXFrameworksBuildPhase section */

/* Begin PBXGroup section */
		36F62726BCF49530C94822C4 /* Frameworks */ = {
			isa = PBXGroup;
			children = (
				43AA4094B36FB48AC33AB1D7 /* Pods_RedBooklet.framework */,
			);
			name = Frameworks;
			sourceTree = "<group>";
		};
		E75D73282AA0BFC50094CB72 = {
			isa = PBXGroup;
			children = (
				E75D734B2AA0D1250094CB72 /* .gitignore */,
				E75D73332AA0BFC50094CB72 /* RedBooklet */,
				E75D73322AA0BFC50094CB72 /* Products */,
				FB4711DB8B78D07BFC204C95 /* Pods */,
				36F62726BCF49530C94822C4 /* Frameworks */,
			);
			sourceTree = "<group>";
		};
		E75D73322AA0BFC50094CB72 /* Products */ = {
			isa = PBXGroup;
			children = (
				E75D73312AA0BFC50094CB72 /* RedBooklet.app */,
			);
			name = Products;
			sourceTree = "<group>";
		};
		E75D73332AA0BFC50094CB72 /* RedBooklet */ = {
			isa = PBXGroup;
			children = (
				E75D734F2AA231BC0094CB72 /* Home */,
				E75D73342AA0BFC50094CB72 /* AppDelegate.swift */,
				E75D73362AA0BFC50094CB72 /* SceneDelegate.swift */,
				E75D733A2AA0BFC50094CB72 /* Main.storyboard */,
				E75D73402AA0BFC70094CB72 /* Assets.xcassets */,
				E75D73422AA0BFC70094CB72 /* LaunchScreen.storyboard */,
				E75D73452AA0BFC70094CB72 /* Info.plist */,
				E75D733D2AA0BFC50094CB72 /* RedBooklet.xcdatamodeld */,
			);
			path = RedBooklet;
			sourceTree = "<group>";
		};
		E75D734F2AA231BC0094CB72 /* Home */ = {
			isa = PBXGroup;
			children = (
				E75D73502AA231EA0094CB72 /* HDHomeVC.swift */,
				E75D73522AA2CC260094CB72 /* HDDiscoveryVC.swift */,
				E75D73542AA2CDE90094CB72 /* HDFollowVC.swift */,
				E75D73562AA2CE140094CB72 /* HDNearbyVC.swift */,
				E75D735B2AA3A2930094CB72 /* HDWaterfallVC.swift */,
				E75D735D2AA3AA280094CB72 /* HDWaterfallCell.swift */,
				E75D73592AA2CED00094CB72 /* ConstantsHome.swift */,
				E75D735F2AAC67950094CB72 /* HDBaseTabBarC.swift */,
				E75D73612AAC70550094CB72 /* HDUploadVC.swift */,
			);
			path = Home;
			sourceTree = "<group>";
		};
		FB4711DB8B78D07BFC204C95 /* Pods */ = {
			isa = PBXGroup;
			children = (
				4FB82D132DB7F3F70F75A449 /* Pods-RedBooklet.debug.xcconfig */,
				508471849AE0FED4C3607D68 /* Pods-RedBooklet.release.xcconfig */,
			);
			path = Pods;
			sourceTree = "<group>";
		};
/* End PBXGroup section */

/* Begin PBXNativeTarget section */
		E75D73302AA0BFC50094CB72 /* RedBooklet */ = {
			isa = PBXNativeTarget;
			buildConfigurationList = E75D73482AA0BFC70094CB72 /* Build configuration list for PBXNativeTarget "RedBooklet" */;
			buildPhases = (
				588892525AE1287ADB59A448 /* [CP] Check Pods Manifest.lock */,
				E75D732D2AA0BFC50094CB72 /* Sources */,
				E75D732E2AA0BFC50094CB72 /* Frameworks */,
				E75D732F2AA0BFC50094CB72 /* Resources */,
				82382E4B89FFBA6DC145715D /* [CP] Embed Pods Frameworks */,
			);
			buildRules = (
			);
			dependencies = (
			);
			name = RedBooklet;
			productName = RedBooklet;
			productReference = E75D73312AA0BFC50094CB72 /* RedBooklet.app */;
			productType = "com.apple.product-type.application";
		};
/* End PBXNativeTarget section */

/* Begin PBXProject section */
		E75D73292AA0BFC50094CB72 /* Project object */ = {
			isa = PBXProject;
			attributes = {
				BuildIndependentTargetsInParallel = 1;
				CLASSPREFIX = HD;
				LastSwiftUpdateCheck = 1430;
				LastUpgradeCheck = 1430;
				ORGANIZATIONNAME = R;
				TargetAttributes = {
					E75D73302AA0BFC50094CB72 = {
						CreatedOnToolsVersion = 14.3.1;
					};
				};
			};
			buildConfigurationList = E75D732C2AA0BFC50094CB72 /* Build configuration list for PBXProject "RedBooklet" */;
			compatibilityVersion = "Xcode 14.0";
			developmentRegion = en;
			hasScannedForEncodings = 0;
			knownRegions = (
				en,
				Base,
			);
			mainGroup = E75D73282AA0BFC50094CB72;
			productRefGroup = E75D73322AA0BFC50094CB72 /* Products */;
			projectDirPath = "";
			projectRoot = "";
			targets = (
				E75D73302AA0BFC50094CB72 /* RedBooklet */,
			);
		};
/* End PBXProject section */

/* Begin PBXResourcesBuildPhase section */
		E75D732F2AA0BFC50094CB72 /* Resources */ = {
			isa = PBXResourcesBuildPhase;
			buildActionMask = 2147483647;
			files = (
				E75D734C2AA0D1250094CB72 /* .gitignore in Resources */,
				E75D73442AA0BFC70094CB72 /* LaunchScreen.storyboard in Resources */,
				E75D73412AA0BFC70094CB72 /* Assets.xcassets in Resources */,
				E75D733C2AA0BFC50094CB72 /* Main.storyboard in Resources */,
			);
			runOnlyForDeploymentPostprocessing = 0;
		};
/* End PBXResourcesBuildPhase section */

/* Begin PBXShellScriptBuildPhase section */
		588892525AE1287ADB59A448 /* [CP] Check Pods Manifest.lock */ = {
			isa = PBXShellScriptBuildPhase;
			buildActionMask = 2147483647;
			files = (
			);
			inputFileListPaths = (
			);
			inputPaths = (
				"${PODS_PODFILE_DIR_PATH}/Podfile.lock",
				"${PODS_ROOT}/Manifest.lock",
			);
			name = "[CP] Check Pods Manifest.lock";
			outputFileListPaths = (
			);
			outputPaths = (
				"$(DERIVED_FILE_DIR)/Pods-RedBooklet-checkManifestLockResult.txt",
			);
			runOnlyForDeploymentPostprocessing = 0;
			shellPath = /bin/sh;
			shellScript = "diff \"${PODS_PODFILE_DIR_PATH}/Podfile.lock\" \"${PODS_ROOT}/Manifest.lock\" > /dev/null\nif [ $? != 0 ] ; then\n    # print error to STDERR\n    echo \"error: The sandbox is not in sync with the Podfile.lock. Run 'pod install' or update your CocoaPods installation.\" >&2\n    exit 1\nfi\n# This output is used by Xcode 'outputs' to avoid re-running this script phase.\necho \"SUCCESS\" > \"${SCRIPT_OUTPUT_FILE_0}\"\n";
			showEnvVarsInLog = 0;
		};
		82382E4B89FFBA6DC145715D /* [CP] Embed Pods Frameworks */ = {
			isa = PBXShellScriptBuildPhase;
			buildActionMask = 2147483647;
			files = (
			);
			inputFileListPaths = (
				"${PODS_ROOT}/Target Support Files/Pods-RedBooklet/Pods-RedBooklet-frameworks-${CONFIGURATION}-input-files.xcfilelist",
			);
			name = "[CP] Embed Pods Frameworks";
			outputFileListPaths = (
				"${PODS_ROOT}/Target Support Files/Pods-RedBooklet/Pods-RedBooklet-frameworks-${CONFIGURATION}-output-files.xcfilelist",
			);
			runOnlyForDeploymentPostprocessing = 0;
			shellPath = /bin/sh;
			shellScript = "\"${PODS_ROOT}/Target Support Files/Pods-RedBooklet/Pods-RedBooklet-frameworks.sh\"\n";
			showEnvVarsInLog = 0;
		};
/* End PBXShellScriptBuildPhase section */

/* Begin PBXSourcesBuildPhase section */
		E75D732D2AA0BFC50094CB72 /* Sources */ = {
			isa = PBXSourcesBuildPhase;
			buildActionMask = 2147483647;
			files = (
				E75D735C2AA3A2930094CB72 /* HDWaterfallVC.swift in Sources */,
				E75D73622AAC70550094CB72 /* HDUploadVC.swift in Sources */,
				E75D73572AA2CE140094CB72 /* HDNearbyVC.swift in Sources */,
				E75D73352AA0BFC50094CB72 /* AppDelegate.swift in Sources */,
				E75D73552AA2CDE90094CB72 /* HDFollowVC.swift in Sources */,
				E75D733F2AA0BFC50094CB72 /* RedBooklet.xcdatamodeld in Sources */,
				E75D735A2AA2CED00094CB72 /* ConstantsHome.swift in Sources */,
				E75D73372AA0BFC50094CB72 /* SceneDelegate.swift in Sources */,
				E75D73512AA231EA0094CB72 /* HDHomeVC.swift in Sources */,
				E75D735E2AA3AA280094CB72 /* HDWaterfallCell.swift in Sources */,
				E75D73532AA2CC260094CB72 /* HDDiscoveryVC.swift in Sources */,
				E75D73602AAC67950094CB72 /* HDBaseTabBarC.swift in Sources */,
			);
			runOnlyForDeploymentPostprocessing = 0;
		};
/* End PBXSourcesBuildPhase section */

/* Begin PBXVariantGroup section */
		E75D733A2AA0BFC50094CB72 /* Main.storyboard */ = {
			isa = PBXVariantGroup;
			children = (
				E75D733B2AA0BFC50094CB72 /* Base */,
			);
			name = Main.storyboard;
			sourceTree = "<group>";
		};
		E75D73422AA0BFC70094CB72 /* LaunchScreen.storyboard */ = {
			isa = PBXVariantGroup;
			children = (
				E75D73432AA0BFC70094CB72 /* Base */,
			);
			name = LaunchScreen.storyboard;
			sourceTree = "<group>";
		};
/* End PBXVariantGroup section */

/* Begin XCBuildConfiguration section */
		E75D73462AA0BFC70094CB72 /* Debug */ = {
			isa = XCBuildConfiguration;
			buildSettings = {
				ALWAYS_SEARCH_USER_PATHS = NO;
				CLANG_ANALYZER_NONNULL = YES;
				CLANG_ANALYZER_NUMBER_OBJECT_CONVERSION = YES_AGGRESSIVE;
				CLANG_CXX_LANGUAGE_STANDARD = "gnu++20";
				CLANG_ENABLE_MODULES = YES;
				CLANG_ENABLE_OBJC_ARC = YES;
				CLANG_ENABLE_OBJC_WEAK = YES;
				CLANG_WARN_BLOCK_CAPTURE_AUTORELEASING = YES;
				CLANG_WARN_BOOL_CONVERSION = YES;
				CLANG_WARN_COMMA = YES;
				CLANG_WARN_CONSTANT_CONVERSION = YES;
				CLANG_WARN_DEPRECATED_OBJC_IMPLEMENTATIONS = YES;
				CLANG_WARN_DIRECT_OBJC_ISA_USAGE = YES_ERROR;
				CLANG_WARN_DOCUMENTATION_COMMENTS = YES;
				CLANG_WARN_EMPTY_BODY = YES;
				CLANG_WARN_ENUM_CONVERSION = YES;
				CLANG_WARN_INFINITE_RECURSION = YES;
				CLANG_WARN_INT_CONVERSION = YES;
				CLANG_WARN_NON_LITERAL_NULL_CONVERSION = YES;
				CLANG_WARN_OBJC_IMPLICIT_RETAIN_SELF = YES;
				CLANG_WARN_OBJC_LITERAL_CONVERSION = YES;
				CLANG_WARN_OBJC_ROOT_CLASS = YES_ERROR;
				CLANG_WARN_QUOTED_INCLUDE_IN_FRAMEWORK_HEADER = YES;
				CLANG_WARN_RANGE_LOOP_ANALYSIS = YES;
				CLANG_WARN_STRICT_PROTOTYPES = YES;
				CLANG_WARN_SUSPICIOUS_MOVE = YES;
				CLANG_WARN_UNGUARDED_AVAILABILITY = YES_AGGRESSIVE;
				CLANG_WARN_UNREACHABLE_CODE = YES;
				CLANG_WARN__DUPLICATE_METHOD_MATCH = YES;
				COPY_PHASE_STRIP = NO;
				DEBUG_INFORMATION_FORMAT = dwarf;
				ENABLE_STRICT_OBJC_MSGSEND = YES;
				ENABLE_TESTABILITY = YES;
				GCC_C_LANGUAGE_STANDARD = gnu11;
				GCC_DYNAMIC_NO_PIC = NO;
				GCC_NO_COMMON_BLOCKS = YES;
				GCC_OPTIMIZATION_LEVEL = 0;
				GCC_PREPROCESSOR_DEFINITIONS = (
					"DEBUG=1",
					"$(inherited)",
				);
				GCC_WARN_64_TO_32_BIT_CONVERSION = YES;
				GCC_WARN_ABOUT_RETURN_TYPE = YES_ERROR;
				GCC_WARN_UNDECLARED_SELECTOR = YES;
				GCC_WARN_UNINITIALIZED_AUTOS = YES_AGGRESSIVE;
				GCC_WARN_UNUSED_FUNCTION = YES;
				GCC_WARN_UNUSED_VARIABLE = YES;
				IPHONEOS_DEPLOYMENT_TARGET = 16.4;
				MTL_ENABLE_DEBUG_INFO = INCLUDE_SOURCE;
				MTL_FAST_MATH = YES;
				ONLY_ACTIVE_ARCH = YES;
				SDKROOT = iphoneos;
				SWIFT_ACTIVE_COMPILATION_CONDITIONS = DEBUG;
				SWIFT_OPTIMIZATION_LEVEL = "-Onone";
			};
			name = Debug;
		};
		E75D73472AA0BFC70094CB72 /* Release */ = {
			isa = XCBuildConfiguration;
			buildSettings = {
				ALWAYS_SEARCH_USER_PATHS = NO;
				CLANG_ANALYZER_NONNULL = YES;
				CLANG_ANALYZER_NUMBER_OBJECT_CONVERSION = YES_AGGRESSIVE;
				CLANG_CXX_LANGUAGE_STANDARD = "gnu++20";
				CLANG_ENABLE_MODULES = YES;
				CLANG_ENABLE_OBJC_ARC = YES;
				CLANG_ENABLE_OBJC_WEAK = YES;
				CLANG_WARN_BLOCK_CAPTURE_AUTORELEASING = YES;
				CLANG_WARN_BOOL_CONVERSION = YES;
				CLANG_WARN_COMMA = YES;
				CLANG_WARN_CONSTANT_CONVERSION = YES;
				CLANG_WARN_DEPRECATED_OBJC_IMPLEMENTATIONS = YES;
				CLANG_WARN_DIRECT_OBJC_ISA_USAGE = YES_ERROR;
				CLANG_WARN_DOCUMENTATION_COMMENTS = YES;
				CLANG_WARN_EMPTY_BODY = YES;
				CLANG_WARN_ENUM_CONVERSION = YES;
				CLANG_WARN_INFINITE_RECURSION = YES;
				CLANG_WARN_INT_CONVERSION = YES;
				CLANG_WARN_NON_LITERAL_NULL_CONVERSION = YES;
				CLANG_WARN_OBJC_IMPLICIT_RETAIN_SELF = YES;
				CLANG_WARN_OBJC_LITERAL_CONVERSION = YES;
				CLANG_WARN_OBJC_ROOT_CLASS = YES_ERROR;
				CLANG_WARN_QUOTED_INCLUDE_IN_FRAMEWORK_HEADER = YES;
				CLANG_WARN_RANGE_LOOP_ANALYSIS = YES;
				CLANG_WARN_STRICT_PROTOTYPES = YES;
				CLANG_WARN_SUSPICIOUS_MOVE = YES;
				CLANG_WARN_UNGUARDED_AVAILABILITY = YES_AGGRESSIVE;
				CLANG_WARN_UNREACHABLE_CODE = YES;
				CLANG_WARN__DUPLICATE_METHOD_MATCH = YES;
				COPY_PHASE_STRIP = NO;
				DEBUG_INFORMATION_FORMAT = "dwarf-with-dsym";
				ENABLE_NS_ASSERTIONS = NO;
				ENABLE_STRICT_OBJC_MSGSEND = YES;
				GCC_C_LANGUAGE_STANDARD = gnu11;
				GCC_NO_COMMON_BLOCKS = YES;
				GCC_WARN_64_TO_32_BIT_CONVERSION = YES;
				GCC_WARN_ABOUT_RETURN_TYPE = YES_ERROR;
				GCC_WARN_UNDECLARED_SELECTOR = YES;
				GCC_WARN_UNINITIALIZED_AUTOS = YES_AGGRESSIVE;
				GCC_WARN_UNUSED_FUNCTION = YES;
				GCC_WARN_UNUSED_VARIABLE = YES;
				IPHONEOS_DEPLOYMENT_TARGET = 16.4;
				MTL_ENABLE_DEBUG_INFO = NO;
				MTL_FAST_MATH = YES;
				SDKROOT = iphoneos;
				SWIFT_COMPILATION_MODE = wholemodule;
				SWIFT_OPTIMIZATION_LEVEL = "-O";
				VALIDATE_PRODUCT = YES;
			};
			name = Release;
		};
		E75D73492AA0BFC70094CB72 /* Debug */ = {
			isa = XCBuildConfiguration;
			baseConfigurationReference = 4FB82D132DB7F3F70F75A449 /* Pods-RedBooklet.debug.xcconfig */;
			buildSettings = {
				ASSETCATALOG_COMPILER_APPICON_NAME = AppIcon;
				ASSETCATALOG_COMPILER_GLOBAL_ACCENT_COLOR_NAME = AccentColor;
				CODE_SIGN_STYLE = Automatic;
				CURRENT_PROJECT_VERSION = 1;
				DEVELOPMENT_TEAM = 9GE322NYCW;
				GENERATE_INFOPLIST_FILE = YES;
				INFOPLIST_FILE = RedBooklet/Info.plist;
				INFOPLIST_KEY_CFBundleDisplayName = "小红书HD";
				INFOPLIST_KEY_UIApplicationSupportsIndirectInputEvents = YES;
				INFOPLIST_KEY_UILaunchStoryboardName = LaunchScreen;
				INFOPLIST_KEY_UIMainStoryboardFile = Main;
				INFOPLIST_KEY_UIRequiresFullScreen = YES;
				INFOPLIST_KEY_UISupportedInterfaceOrientations = UIInterfaceOrientationPortrait;
				IPHONEOS_DEPLOYMENT_TARGET = 15.0;
				LD_RUNPATH_SEARCH_PATHS = (
					"$(inherited)",
					"@executable_path/Frameworks",
				);
				MARKETING_VERSION = 1.0;
				PRODUCT_BUNDLE_IDENTIFIER = booklet.red.Reid.RedBooklet;
				PRODUCT_NAME = "$(TARGET_NAME)";
				SUPPORTED_PLATFORMS = "iphoneos iphonesimulator";
				SUPPORTS_MACCATALYST = NO;
				SUPPORTS_MAC_DESIGNED_FOR_IPHONE_IPAD = NO;
				SWIFT_EMIT_LOC_STRINGS = YES;
				SWIFT_VERSION = 5.0;
				TARGETED_DEVICE_FAMILY = 1;
			};
			name = Debug;
		};
		E75D734A2AA0BFC70094CB72 /* Release */ = {
			isa = XCBuildConfiguration;
			baseConfigurationReference = 508471849AE0FED4C3607D68 /* Pods-RedBooklet.release.xcconfig */;
			buildSettings = {
				ASSETCATALOG_COMPILER_APPICON_NAME = AppIcon;
				ASSETCATALOG_COMPILER_GLOBAL_ACCENT_COLOR_NAME = AccentColor;
				CODE_SIGN_STYLE = Automatic;
				CURRENT_PROJECT_VERSION = 1;
				DEVELOPMENT_TEAM = 9GE322NYCW;
				GENERATE_INFOPLIST_FILE = YES;
				INFOPLIST_FILE = RedBooklet/Info.plist;
				INFOPLIST_KEY_CFBundleDisplayName = "小红书HD";
				INFOPLIST_KEY_UIApplicationSupportsIndirectInputEvents = YES;
				INFOPLIST_KEY_UILaunchStoryboardName = LaunchScreen;
				INFOPLIST_KEY_UIMainStoryboardFile = Main;
				INFOPLIST_KEY_UIRequiresFullScreen = YES;
				INFOPLIST_KEY_UISupportedInterfaceOrientations = UIInterfaceOrientationPortrait;
				IPHONEOS_DEPLOYMENT_TARGET = 15.0;
				LD_RUNPATH_SEARCH_PATHS = (
					"$(inherited)",
					"@executable_path/Frameworks",
				);
				MARKETING_VERSION = 1.0;
				PRODUCT_BUNDLE_IDENTIFIER = booklet.red.Reid.RedBooklet;
				PRODUCT_NAME = "$(TARGET_NAME)";
				SUPPORTED_PLATFORMS = "iphoneos iphonesimulator";
				SUPPORTS_MACCATALYST = NO;
				SUPPORTS_MAC_DESIGNED_FOR_IPHONE_IPAD = NO;
				SWIFT_EMIT_LOC_STRINGS = YES;
				SWIFT_VERSION = 5.0;
				TARGETED_DEVICE_FAMILY = 1;
			};
			name = Release;
		};
/* End XCBuildConfiguration section */

/* Begin XCConfigurationList section */
		E75D732C2AA0BFC50094CB72 /* Build configuration list for PBXProject "RedBooklet" */ = {
			isa = XCConfigurationList;
			buildConfigurations = (
				E75D73462AA0BFC70094CB72 /* Debug */,
				E75D73472AA0BFC70094CB72 /* Release */,
			);
			defaultConfigurationIsVisible = 0;
			defaultConfigurationName = Release;
		};
		E75D73482AA0BFC70094CB72 /* Build configuration list for PBXNativeTarget "RedBooklet" */ = {
			isa = XCConfigurationList;
			buildConfigurations = (
				E75D73492AA0BFC70094CB72 /* Debug */,
				E75D734A2AA0BFC70094CB72 /* Release */,
			);
			defaultConfigurationIsVisible = 0;
			defaultConfigurationName = Release;
		};
/* End XCConfigurationList section */

/* Begin XCVersionGroup section */
		E75D733D2AA0BFC50094CB72 /* RedBooklet.xcdatamodeld */ = {
			isa = XCVersionGroup;
			children = (
				E75D733E2AA0BFC50094CB72 /* RedBooklet.xcdatamodel */,
			);
			currentVersion = E75D733E2AA0BFC50094CB72 /* RedBooklet.xcdatamodel */;
			path = RedBooklet.xcdatamodeld;
			sourceTree = "<group>";
			versionGroupType = wrapper.xcdatamodel;
		};
/* End XCVersionGroup section */
	};
	rootObject = E75D73292AA0BFC50094CB72 /* Project object */;
}
